# This file is automatically @generated by Poetry 2.3.4 and should not be changed by hand.

[[package]]
name = "python-barcode"
version = "0.15.1"
description = "Create standard barcodes with Python. No external modules needed. (optional Pillow support included)."
optional = false
python-versions = "*"
groups = ["main"]
files = [
    {file = "python-barcode-0.15.1.tar.gz", hash = "sha256:3b1825fbdb11e597466dff4286b4ea9b1e86a57717b59e563ae679726fc854de"},
    {file = "python_barcode-0.15.1-py3-none-any.whl", hash = "sha256:057636fba37369c22852410c8535b36adfbeb965ddfd4e5b6924455d692e0886"},
]

[package.extras]
images = ["pillow"]

[[package]]
name = "zebra-zpl"
version = "0.1.0"
description = "Python library to generate usable and printable ZPL2 code"
optional = false
python-versions = "*"
groups = ["main"]
files = []
develop = false

[package.source]
type = "git"
url = "https://github.com/mtking2/py-zebra-zpl.git"
reference = "HEAD"
resolved_reference = "45ffc60638814df575d9fe11c7504b1a533e4ecb"

[metadata]
lock-version = "2.1"
python-versions = ">=3.10,<3.15"
content-hash = "8257d8deb18d3cbc91a5d5b45d52f2eee4fa8c70995ba596be02a63c215d9c14"
