# THIS IS AN AUTOGENERATED FILE. DO NOT EDIT THIS FILE DIRECTLY.
# yarn lockfile v1


"@babel/helper-string-parser@^7.24.8":
  version "7.24.8"
  resolved "https://registry.npmjs.org/@babel/helper-string-parser/-/helper-string-parser-7.24.8.tgz"
  integrity sha512-pO9KhhRcuUyGnJWwyEgnRJTSIZHiT+vMD0kPeD+so0l7mxkMT19g3pjY9GTnHySck/hDzq+dtW/4VgnMkippsQ==

"@babel/helper-validator-identifier@^7.24.7":
  version "7.24.7"
  resolved "https://registry.npmjs.org/@babel/helper-validator-identifier/-/helper-validator-identifier-7.24.7.tgz"
  integrity sha512-rR+PBcQ1SMQDDyF6X0wxtG8QyLCgUB0eRAGguqRLfkCA87l7yAP7ehq8SNj96OOGTO8OBV70KhuFYcIkHXOg0w==

"@babel/parser@^7.25.3":
  version "7.25.6"
  resolved "https://registry.npmjs.org/@babel/parser/-/parser-7.25.6.tgz"
  integrity sha512-trGdfBdbD0l1ZPmcJ83eNxB9rbEax4ALFTF7fN386TMYbeCQbyme5cOEXQhbGXKebwGaB/J52w1mrklMcbgy6Q==
  dependencies:
    "@babel/types" "^7.25.6"

"@babel/types@^7.25.6":
  version "7.25.6"
  resolved "https://registry.npmjs.org/@babel/types/-/types-7.25.6.tgz"
  integrity sha512-/l42B1qxpG6RdfYf343Uw1vmDjeNhneUXtzhojE7pDgfpEypmRhI6j1kr17XCVv4Cgl9HdAiQY2x0GwKm7rWCw==
  dependencies:
    "@babel/helper-string-parser" "^7.24.8"
    "@babel/helper-validator-identifier" "^7.24.7"
    to-fast-properties "^2.0.0"

"@esbuild/aix-ppc64@0.21.5":
  version "0.21.5"
  resolved "https://registry.yarnpkg.com/@esbuild/aix-ppc64/-/aix-ppc64-0.21.5.tgz#c7184a326533fcdf1b8ee0733e21c713b975575f"
  integrity sha512-1SDgH6ZSPTlggy1yI6+Dbkiz8xzpHJEVAlF/AM1tHPLsf5STom9rwtjE4hKAF20FfXXNTFqEYXyJNWh1GiZedQ==

"@esbuild/android-arm64@0.21.5":
  version "0.21.5"
  resolved "https://registry.yarnpkg.com/@esbuild/android-arm64/-/android-arm64-0.21.5.tgz#09d9b4357780da9ea3a7dfb833a1f1ff439b4052"
  integrity sha512-c0uX9VAUBQ7dTDCjq+wdyGLowMdtR/GoC2U5IYk/7D1H1JYC0qseD7+11iMP2mRLN9RcCMRcjC4YMclCzGwS/A==

"@esbuild/android-arm@0.21.5":
  version "0.21.5"
  resolved "https://registry.yarnpkg.com/@esbuild/android-arm/-/android-arm-0.21.5.tgz#9b04384fb771926dfa6d7ad04324ecb2ab9b2e28"
  integrity sha512-vCPvzSjpPHEi1siZdlvAlsPxXl7WbOVUBBAowWug4rJHb68Ox8KualB+1ocNvT5fjv6wpkX6o/iEpbDrf68zcg==

"@esbuild/android-x64@0.21.5":
  version "0.21.5"
  resolved "https://registry.yarnpkg.com/@esbuild/android-x64/-/android-x64-0.21.5.tgz#29918ec2db754cedcb6c1b04de8cd6547af6461e"
  integrity sha512-D7aPRUUNHRBwHxzxRvp856rjUHRFW1SdQATKXH2hqA0kAZb1hKmi02OpYRacl0TxIGz/ZmXWlbZgjwWYaCakTA==

"@esbuild/darwin-arm64@0.21.5":
  version "0.21.5"
  resolved "https://registry.yarnpkg.com/@esbuild/darwin-arm64/-/darwin-arm64-0.21.5.tgz#e495b539660e51690f3928af50a76fb0a6ccff2a"
  integrity sha512-DwqXqZyuk5AiWWf3UfLiRDJ5EDd49zg6O9wclZ7kUMv2WRFr4HKjXp/5t8JZ11QbQfUS6/cRCKGwYhtNAY88kQ==

"@esbuild/darwin-x64@0.21.5":
  version "0.21.5"
  resolved "https://registry.yarnpkg.com/@esbuild/darwin-x64/-/darwin-x64-0.21.5.tgz#c13838fa57372839abdddc91d71542ceea2e1e22"
  integrity sha512-se/JjF8NlmKVG4kNIuyWMV/22ZaerB+qaSi5MdrXtd6R08kvs2qCN4C09miupktDitvh8jRFflwGFBQcxZRjbw==

"@esbuild/freebsd-arm64@0.21.5":
  version "0.21.5"
  resolved "https://registry.yarnpkg.com/@esbuild/freebsd-arm64/-/freebsd-arm64-0.21.5.tgz#646b989aa20bf89fd071dd5dbfad69a3542e550e"
  integrity sha512-5JcRxxRDUJLX8JXp/wcBCy3pENnCgBR9bN6JsY4OmhfUtIHe3ZW0mawA7+RDAcMLrMIZaf03NlQiX9DGyB8h4g==

"@esbuild/freebsd-x64@0.21.5":
  version "0.21.5"
  resolved "https://registry.yarnpkg.com/@esbuild/freebsd-x64/-/freebsd-x64-0.21.5.tgz#aa615cfc80af954d3458906e38ca22c18cf5c261"
  integrity sha512-J95kNBj1zkbMXtHVH29bBriQygMXqoVQOQYA+ISs0/2l3T9/kj42ow2mpqerRBxDJnmkUDCaQT/dfNXWX/ZZCQ==

"@esbuild/linux-arm64@0.21.5":
  version "0.21.5"
  resolved "https://registry.yarnpkg.com/@esbuild/linux-arm64/-/linux-arm64-0.21.5.tgz#70ac6fa14f5cb7e1f7f887bcffb680ad09922b5b"
  integrity sha512-ibKvmyYzKsBeX8d8I7MH/TMfWDXBF3db4qM6sy+7re0YXya+K1cem3on9XgdT2EQGMu4hQyZhan7TeQ8XkGp4Q==

"@esbuild/linux-arm@0.21.5":
  version "0.21.5"
  resolved "https://registry.yarnpkg.com/@esbuild/linux-arm/-/linux-arm-0.21.5.tgz#fc6fd11a8aca56c1f6f3894f2bea0479f8f626b9"
  integrity sha512-bPb5AHZtbeNGjCKVZ9UGqGwo8EUu4cLq68E95A53KlxAPRmUyYv2D6F0uUI65XisGOL1hBP5mTronbgo+0bFcA==

"@esbuild/linux-ia32@0.21.5":
  version "0.21.5"
  resolved "https://registry.yarnpkg.com/@esbuild/linux-ia32/-/linux-ia32-0.21.5.tgz#3271f53b3f93e3d093d518d1649d6d68d346ede2"
  integrity sha512-YvjXDqLRqPDl2dvRODYmmhz4rPeVKYvppfGYKSNGdyZkA01046pLWyRKKI3ax8fbJoK5QbxblURkwK/MWY18Tg==

"@esbuild/linux-loong64@0.21.5":
  version "0.21.5"
  resolved "https://registry.yarnpkg.com/@esbuild/linux-loong64/-/linux-loong64-0.21.5.tgz#ed62e04238c57026aea831c5a130b73c0f9f26df"
  integrity sha512-uHf1BmMG8qEvzdrzAqg2SIG/02+4/DHB6a9Kbya0XDvwDEKCoC8ZRWI5JJvNdUjtciBGFQ5PuBlpEOXQj+JQSg==

"@esbuild/linux-mips64el@0.21.5":
  version "0.21.5"
  resolved "https://registry.yarnpkg.com/@esbuild/linux-mips64el/-/linux-mips64el-0.21.5.tgz#e79b8eb48bf3b106fadec1ac8240fb97b4e64cbe"
  integrity sha512-IajOmO+KJK23bj52dFSNCMsz1QP1DqM6cwLUv3W1QwyxkyIWecfafnI555fvSGqEKwjMXVLokcV5ygHW5b3Jbg==

"@esbuild/linux-ppc64@0.21.5":
  version "0.21.5"
  resolved "https://registry.yarnpkg.com/@esbuild/linux-ppc64/-/linux-ppc64-0.21.5.tgz#5f2203860a143b9919d383ef7573521fb154c3e4"
  integrity sha512-1hHV/Z4OEfMwpLO8rp7CvlhBDnjsC3CttJXIhBi+5Aj5r+MBvy4egg7wCbe//hSsT+RvDAG7s81tAvpL2XAE4w==

"@esbuild/linux-riscv64@0.21.5":
  version "0.21.5"
  resolved "https://registry.yarnpkg.com/@esbuild/linux-riscv64/-/linux-riscv64-0.21.5.tgz#07bcafd99322d5af62f618cb9e6a9b7f4bb825dc"
  integrity sha512-2HdXDMd9GMgTGrPWnJzP2ALSokE/0O5HhTUvWIbD3YdjME8JwvSCnNGBnTThKGEB91OZhzrJ4qIIxk/SBmyDDA==

"@esbuild/linux-s390x@0.21.5":
  version "0.21.5"
  resolved "https://registry.yarnpkg.com/@esbuild/linux-s390x/-/linux-s390x-0.21.5.tgz#b7ccf686751d6a3e44b8627ababc8be3ef62d8de"
  integrity sha512-zus5sxzqBJD3eXxwvjN1yQkRepANgxE9lgOW2qLnmr8ikMTphkjgXu1HR01K4FJg8h1kEEDAqDcZQtbrRnB41A==

"@esbuild/linux-x64@0.21.5":
  version "0.21.5"
  resolved "https://registry.npmjs.org/@esbuild/linux-x64/-/linux-x64-0.21.5.tgz"
  integrity sha512-1rYdTpyv03iycF1+BhzrzQJCdOuAOtaqHTWJZCWvijKD2N5Xu0TtVC8/+1faWqcP9iBCWOmjmhoH94dH82BxPQ==

"@esbuild/netbsd-x64@0.21.5":
  version "0.21.5"
  resolved "https://registry.yarnpkg.com/@esbuild/netbsd-x64/-/netbsd-x64-0.21.5.tgz#bbe430f60d378ecb88decb219c602667387a6047"
  integrity sha512-Woi2MXzXjMULccIwMnLciyZH4nCIMpWQAs049KEeMvOcNADVxo0UBIQPfSmxB3CWKedngg7sWZdLvLczpe0tLg==

"@esbuild/openbsd-x64@0.21.5":
  version "0.21.5"
  resolved "https://registry.yarnpkg.com/@esbuild/openbsd-x64/-/openbsd-x64-0.21.5.tgz#99d1cf2937279560d2104821f5ccce220cb2af70"
  integrity sha512-HLNNw99xsvx12lFBUwoT8EVCsSvRNDVxNpjZ7bPn947b8gJPzeHWyNVhFsaerc0n3TsbOINvRP2byTZ5LKezow==

"@esbuild/sunos-x64@0.21.5":
  version "0.21.5"
  resolved "https://registry.yarnpkg.com/@esbuild/sunos-x64/-/sunos-x64-0.21.5.tgz#08741512c10d529566baba837b4fe052c8f3487b"
  integrity sha512-6+gjmFpfy0BHU5Tpptkuh8+uw3mnrvgs+dSPQXQOv3ekbordwnzTVEb4qnIvQcYXq6gzkyTnoZ9dZG+D4garKg==

"@esbuild/win32-arm64@0.21.5":
  version "0.21.5"
  resolved "https://registry.yarnpkg.com/@esbuild/win32-arm64/-/win32-arm64-0.21.5.tgz#675b7385398411240735016144ab2e99a60fc75d"
  integrity sha512-Z0gOTd75VvXqyq7nsl93zwahcTROgqvuAcYDUr+vOv8uHhNSKROyU961kgtCD1e95IqPKSQKH7tBTslnS3tA8A==

"@esbuild/win32-ia32@0.21.5":
  version "0.21.5"
  resolved "https://registry.yarnpkg.com/@esbuild/win32-ia32/-/win32-ia32-0.21.5.tgz#1bfc3ce98aa6ca9a0969e4d2af72144c59c1193b"
  integrity sha512-SWXFF1CL2RVNMaVs+BBClwtfZSvDgtL//G/smwAc5oVK/UPu2Gu9tIaRgFmYFFKrmg3SyAjSrElf0TiJ1v8fYA==

"@esbuild/win32-x64@0.21.5":
  version "0.21.5"
  resolved "https://registry.yarnpkg.com/@esbuild/win32-x64/-/win32-x64-0.21.5.tgz#acad351d582d157bb145535db2a6ff53dd514b5c"
  integrity sha512-tQd/1efJuzPC6rCFwEvLtci/xNFcTZknmXs98FYDfGE4wP9ClFV98nyKrzJKVPMhdDnjzLhdUyMX4PsQAPjwIw==

"@jridgewell/sourcemap-codec@^1.5.0":
  version "1.5.0"
  resolved "https://registry.npmjs.org/@jridgewell/sourcemap-codec/-/sourcemap-codec-1.5.0.tgz"
  integrity sha512-gv3ZRaISU3fjPAgNsriBRqGWQL6quFx04YMPW/zD8XMLsU32mhCCbfbO6KZFLjvYpCZ8zyDEgqsgf+PwPaM7GQ==

"@miragejs/pretender-node-polyfill@^0.1.0":
  version "0.1.2"
  resolved "https://registry.npmjs.org/@miragejs/pretender-node-polyfill/-/pretender-node-polyfill-0.1.2.tgz"
  integrity sha512-M/BexG/p05C5lFfMunxo/QcgIJnMT2vDVCd00wNqK2ImZONIlEETZwWJu1QtLxtmYlSHlCFl3JNzp0tLe7OJ5g==

"@rollup/rollup-android-arm-eabi@4.21.2":
  version "4.21.2"
  resolved "https://registry.yarnpkg.com/@rollup/rollup-android-arm-eabi/-/rollup-android-arm-eabi-4.21.2.tgz#0412834dc423d1ff7be4cb1fc13a86a0cd262c11"
  integrity sha512-fSuPrt0ZO8uXeS+xP3b+yYTCBUd05MoSp2N/MFOgjhhUhMmchXlpTQrTpI8T+YAwAQuK7MafsCOxW7VrPMrJcg==

"@rollup/rollup-android-arm64@4.21.2":
  version "4.21.2"
  resolved "https://registry.yarnpkg.com/@rollup/rollup-android-arm64/-/rollup-android-arm64-4.21.2.tgz#baf1a014b13654f3b9e835388df9caf8c35389cb"
  integrity sha512-xGU5ZQmPlsjQS6tzTTGwMsnKUtu0WVbl0hYpTPauvbRAnmIvpInhJtgjj3mcuJpEiuUw4v1s4BimkdfDWlh7gA==

"@rollup/rollup-darwin-arm64@4.21.2":
  version "4.21.2"
  resolved "https://registry.yarnpkg.com/@rollup/rollup-darwin-arm64/-/rollup-darwin-arm64-4.21.2.tgz#0a2c364e775acdf1172fe3327662eec7c46e55b1"
  integrity sha512-99AhQ3/ZMxU7jw34Sq8brzXqWH/bMnf7ZVhvLk9QU2cOepbQSVTns6qoErJmSiAvU3InRqC2RRZ5ovh1KN0d0Q==

"@rollup/rollup-darwin-x64@4.21.2":
  version "4.21.2"
  resolved "https://registry.yarnpkg.com/@rollup/rollup-darwin-x64/-/rollup-darwin-x64-4.21.2.tgz#a972db75890dfab8df0da228c28993220a468c42"
  integrity sha512-ZbRaUvw2iN/y37x6dY50D8m2BnDbBjlnMPotDi/qITMJ4sIxNY33HArjikDyakhSv0+ybdUxhWxE6kTI4oX26w==

"@rollup/rollup-linux-arm-gnueabihf@4.21.2":
  version "4.21.2"
  resolved "https://registry.yarnpkg.com/@rollup/rollup-linux-arm-gnueabihf/-/rollup-linux-arm-gnueabihf-4.21.2.tgz#1609d0630ef61109dd19a278353e5176d92e30a1"
  integrity sha512-ztRJJMiE8nnU1YFcdbd9BcH6bGWG1z+jP+IPW2oDUAPxPjo9dverIOyXz76m6IPA6udEL12reYeLojzW2cYL7w==

"@rollup/rollup-linux-arm-musleabihf@4.21.2":
  version "4.21.2"
  resolved "https://registry.yarnpkg.com/@rollup/rollup-linux-arm-musleabihf/-/rollup-linux-arm-musleabihf-4.21.2.tgz#3c1dca5f160aa2e79e4b20ff6395eab21804f266"
  integrity sha512-flOcGHDZajGKYpLV0JNc0VFH361M7rnV1ee+NTeC/BQQ1/0pllYcFmxpagltANYt8FYf9+kL6RSk80Ziwyhr7w==

"@rollup/rollup-linux-arm64-gnu@4.21.2":
  version "4.21.2"
  resolved "https://registry.yarnpkg.com/@rollup/rollup-linux-arm64-gnu/-/rollup-linux-arm64-gnu-4.21.2.tgz#c2fe376e8b04eafb52a286668a8df7c761470ac7"
  integrity sha512-69CF19Kp3TdMopyteO/LJbWufOzqqXzkrv4L2sP8kfMaAQ6iwky7NoXTp7bD6/irKgknDKM0P9E/1l5XxVQAhw==

"@rollup/rollup-linux-arm64-musl@4.21.2":
  version "4.21.2"
  resolved "https://registry.yarnpkg.com/@rollup/rollup-linux-arm64-musl/-/rollup-linux-arm64-musl-4.21.2.tgz#e62a4235f01e0f66dbba587c087ca6db8008ec80"
  integrity sha512-48pD/fJkTiHAZTnZwR0VzHrao70/4MlzJrq0ZsILjLW/Ab/1XlVUStYyGt7tdyIiVSlGZbnliqmult/QGA2O2w==

"@rollup/rollup-linux-powerpc64le-gnu@4.21.2":
  version "4.21.2"
  resolved "https://registry.yarnpkg.com/@rollup/rollup-linux-powerpc64le-gnu/-/rollup-linux-powerpc64le-gnu-4.21.2.tgz#24b3457e75ee9ae5b1c198bd39eea53222a74e54"
  integrity sha512-cZdyuInj0ofc7mAQpKcPR2a2iu4YM4FQfuUzCVA2u4HI95lCwzjoPtdWjdpDKyHxI0UO82bLDoOaLfpZ/wviyQ==

"@rollup/rollup-linux-riscv64-gnu@4.21.2":
  version "4.21.2"
  resolved "https://registry.yarnpkg.com/@rollup/rollup-linux-riscv64-gnu/-/rollup-linux-riscv64-gnu-4.21.2.tgz#38edfba9620fe2ca8116c97e02bd9f2d606bde09"
  integrity sha512-RL56JMT6NwQ0lXIQmMIWr1SW28z4E4pOhRRNqwWZeXpRlykRIlEpSWdsgNWJbYBEWD84eocjSGDu/XxbYeCmwg==

"@rollup/rollup-linux-s390x-gnu@4.21.2":
  version "4.21.2"
  resolved "https://registry.yarnpkg.com/@rollup/rollup-linux-s390x-gnu/-/rollup-linux-s390x-gnu-4.21.2.tgz#a3bfb8bc5f1e802f8c76cff4a4be2e9f9ac36a18"
  integrity sha512-PMxkrWS9z38bCr3rWvDFVGD6sFeZJw4iQlhrup7ReGmfn7Oukrr/zweLhYX6v2/8J6Cep9IEA/SmjXjCmSbrMQ==

"@rollup/rollup-linux-x64-gnu@4.21.2":
  version "4.21.2"
  resolved "https://registry.npmjs.org/@rollup/rollup-linux-x64-gnu/-/rollup-linux-x64-gnu-4.21.2.tgz"
  integrity sha512-B90tYAUoLhU22olrafY3JQCFLnT3NglazdwkHyxNDYF/zAxJt5fJUB/yBoWFoIQ7SQj+KLe3iL4BhOMa9fzgpw==

"@rollup/rollup-linux-x64-musl@4.21.2":
  version "4.21.2"
  resolved "https://registry.npmjs.org/@rollup/rollup-linux-x64-musl/-/rollup-linux-x64-musl-4.21.2.tgz"
  integrity sha512-7twFizNXudESmC9oneLGIUmoHiiLppz/Xs5uJQ4ShvE6234K0VB1/aJYU3f/4g7PhssLGKBVCC37uRkkOi8wjg==

"@rollup/rollup-win32-arm64-msvc@4.21.2":
  version "4.21.2"
  resolved "https://registry.yarnpkg.com/@rollup/rollup-win32-arm64-msvc/-/rollup-win32-arm64-msvc-4.21.2.tgz#a0ca0c5149c2cfb26fab32e6ba3f16996fbdb504"
  integrity sha512-9rRero0E7qTeYf6+rFh3AErTNU1VCQg2mn7CQcI44vNUWM9Ze7MSRS/9RFuSsox+vstRt97+x3sOhEey024FRQ==

"@rollup/rollup-win32-ia32-msvc@4.21.2":
  version "4.21.2"
  resolved "https://registry.yarnpkg.com/@rollup/rollup-win32-ia32-msvc/-/rollup-win32-ia32-msvc-4.21.2.tgz#aae2886beec3024203dbb5569db3a137bc385f8e"
  integrity sha512-5rA4vjlqgrpbFVVHX3qkrCo/fZTj1q0Xxpg+Z7yIo3J2AilW7t2+n6Q8Jrx+4MrYpAnjttTYF8rr7bP46BPzRw==

"@rollup/rollup-win32-x64-msvc@4.21.2":
  version "4.21.2"
  resolved "https://registry.yarnpkg.com/@rollup/rollup-win32-x64-msvc/-/rollup-win32-x64-msvc-4.21.2.tgz#e4291e3c1bc637083f87936c333cdbcad22af63b"
  integrity sha512-6UUxd0+SKomjdzuAcp+HAmxw1FlGBnl1v2yEPSabtx4lBfdXHDVsW7+lQkgz9cNFJGY3AWR7+V8P5BqkD9L9nA==

"@stonecrop/beam@^0.2.28":
  version "0.2.28"
  resolved "https://registry.npmjs.org/@stonecrop/beam/-/beam-0.2.28.tgz"
  integrity sha512-A7Z7XL6YeT4VJoVlkiQkacnBxPi7d2w5/vZUM/9LAvnjnAaXBugKWb7luxarUPtHoE4Oz5weasWF0CKmXOSCzQ==
  dependencies:
    vue "^3.4.31"

"@types/estree@1.0.5":
  version "1.0.5"
  resolved "https://registry.npmjs.org/@types/estree/-/estree-1.0.5.tgz"
  integrity sha512-/kYRxGDLWzHOB7q+wtSUQlFrtcdUccpfy+X+9iMBpHK8QLLhx2wIPYuS5DYtR9Wa/YlZAbIovy7qVdB1Aq6Lyw==

"@types/node@^20.12.12":
  version "20.16.5"
  resolved "https://registry.npmjs.org/@types/node/-/node-20.16.5.tgz"
  integrity sha512-VwYCweNo3ERajwy0IUlqqcyZ8/A7Zwa9ZP3MnENWcB11AejO+tLy3pu850goUW2FC/IJMdZUfKpX/yxL1gymCA==
  dependencies:
    undici-types "~6.19.2"

"@vitejs/plugin-vue@^5.0.4":
  version "5.1.3"
  resolved "https://registry.npmjs.org/@vitejs/plugin-vue/-/plugin-vue-5.1.3.tgz"
  integrity sha512-3xbWsKEKXYlmX82aOHufFQVnkbMC/v8fLpWwh6hWOUrK5fbbtBh9Q/WWse27BFgSy2/e2c0fz5Scgya9h2GLhw==

"@vue/compiler-core@3.5.4":
  version "3.5.4"
  resolved "https://registry.npmjs.org/@vue/compiler-core/-/compiler-core-3.5.4.tgz"
  integrity sha512-oNwn+BAt3n9dK9uAYvI+XGlutwuTq/wfj4xCBaZCqwwVIGtD7D6ViihEbyYZrDHIHTDE3Q6oL3/hqmAyFEy9DQ==
  dependencies:
    "@babel/parser" "^7.25.3"
    "@vue/shared" "3.5.4"
    entities "^4.5.0"
    estree-walker "^2.0.2"
    source-map-js "^1.2.0"

"@vue/compiler-dom@3.5.4":
  version "3.5.4"
  resolved "https://registry.npmjs.org/@vue/compiler-dom/-/compiler-dom-3.5.4.tgz"
  integrity sha512-yP9RRs4BDLOLfldn6ah+AGCNovGjMbL9uHvhDHf5wan4dAHLnFGOkqtfE7PPe4HTXIqE7l/NILdYw53bo1C8jw==
  dependencies:
    "@vue/compiler-core" "3.5.4"
    "@vue/shared" "3.5.4"

"@vue/compiler-sfc@3.5.4":
  version "3.5.4"
  resolved "https://registry.npmjs.org/@vue/compiler-sfc/-/compiler-sfc-3.5.4.tgz"
  integrity sha512-P+yiPhL+NYH7m0ZgCq7AQR2q7OIE+mpAEgtkqEeH9oHSdIRvUO+4X6MPvblJIWcoe4YC5a2Gdf/RsoyP8FFiPQ==
  dependencies:
    "@babel/parser" "^7.25.3"
    "@vue/compiler-core" "3.5.4"
    "@vue/compiler-dom" "3.5.4"
    "@vue/compiler-ssr" "3.5.4"
    "@vue/shared" "3.5.4"
    estree-walker "^2.0.2"
    magic-string "^0.30.11"
    postcss "^8.4.44"
    source-map-js "^1.2.0"

"@vue/compiler-ssr@3.5.4":
  version "3.5.4"
  resolved "https://registry.npmjs.org/@vue/compiler-ssr/-/compiler-ssr-3.5.4.tgz"
  integrity sha512-acESdTXsxPnYr2C4Blv0ggx5zIFMgOzZmYU2UgvIff9POdRGbRNBHRyzHAnizcItvpgerSKQbllUc9USp3V7eg==
  dependencies:
    "@vue/compiler-dom" "3.5.4"
    "@vue/shared" "3.5.4"

"@vue/devtools-api@^6.6.4":
  version "6.6.4"
  resolved "https://registry.npmjs.org/@vue/devtools-api/-/devtools-api-6.6.4.tgz"
  integrity sha512-sGhTPMuXqZ1rVOk32RylztWkfXTRhuS7vgAKv0zjqk8gbsHkJ7xfFf+jbySxt7tWObEJwyKaHMikV/WGDiQm8g==

"@vue/reactivity@3.5.4":
  version "3.5.4"
  resolved "https://registry.npmjs.org/@vue/reactivity/-/reactivity-3.5.4.tgz"
  integrity sha512-HKKbEuP7tYSGCq4e4nK6ZW6l5hyG66OUetefBp4budUyjvAYsnQDf+bgFzg2RAgnH0CInyqXwD9y47jwJEHrQw==
  dependencies:
    "@vue/shared" "3.5.4"

"@vue/runtime-core@3.5.4":
  version "3.5.4"
  resolved "https://registry.npmjs.org/@vue/runtime-core/-/runtime-core-3.5.4.tgz"
  integrity sha512-f3ek2sTA0AFu0n+w+kCtz567Euqqa3eHewvo4klwS7mWfSj/A+UmYTwsnUFo35KeyAFY60JgrCGvEBsu1n/3LA==
  dependencies:
    "@vue/reactivity" "3.5.4"
    "@vue/shared" "3.5.4"

"@vue/runtime-dom@3.5.4":
  version "3.5.4"
  resolved "https://registry.npmjs.org/@vue/runtime-dom/-/runtime-dom-3.5.4.tgz"
  integrity sha512-ofyc0w6rbD5KtjhP1i9hGOKdxGpvmuB1jprP7Djlj0X7R5J/oLwuNuE98GJ8WW31Hu2VxQHtk/LYTAlW8xrJdw==
  dependencies:
    "@vue/reactivity" "3.5.4"
    "@vue/runtime-core" "3.5.4"
    "@vue/shared" "3.5.4"
    csstype "^3.1.3"

"@vue/server-renderer@3.5.4":
  version "3.5.4"
  resolved "https://registry.npmjs.org/@vue/server-renderer/-/server-renderer-3.5.4.tgz"
  integrity sha512-FbjV6DJLgKRetMYFBA1UXCroCiED/Ckr53/ba9wivyd7D/Xw9fpo0T6zXzCnxQwyvkyrL7y6plgYhWhNjGxY5g==
  dependencies:
    "@vue/compiler-ssr" "3.5.4"
    "@vue/shared" "3.5.4"

"@vue/shared@3.5.4":
  version "3.5.4"
  resolved "https://registry.npmjs.org/@vue/shared/-/shared-3.5.4.tgz"
  integrity sha512-L2MCDD8l7yC62Te5UUyPVpmexhL9ipVnYRw9CsWfm/BGRL5FwDX4a25bcJ/OJSD3+Hx+k/a8LDKcG2AFdJV3BA==

csstype@^3.1.3:
  version "3.1.3"
  resolved "https://registry.npmjs.org/csstype/-/csstype-3.1.3.tgz"
  integrity sha512-M1uQkMl8rQK/szD0LNhtqxIPLpimGm8sOBwU7lLnCpSbTyY3yeU1Vc7l4KT5zT4s/yOxHH5O7tIuuLOCnLADRw==

entities@^4.5.0:
  version "4.5.0"
  resolved "https://registry.npmjs.org/entities/-/entities-4.5.0.tgz"
  integrity sha512-V0hjH4dGPh9Ao5p0MoRY6BVqtwCjhz6vI5LT8AJ55H+4g9/4vbHx1I54fS0XuclLhDHArPQCiMjDxjaL8fPxhw==

esbuild@^0.21.3:
  version "0.21.5"
  resolved "https://registry.npmjs.org/esbuild/-/esbuild-0.21.5.tgz"
  integrity sha512-mg3OPMV4hXywwpoDxu3Qda5xCKQi+vCTZq8S9J/EpkhB2HzKXq4SNFZE3+NK93JYxc8VMSep+lOUSC/RVKaBqw==
  optionalDependencies:
    "@esbuild/aix-ppc64" "0.21.5"
    "@esbuild/android-arm" "0.21.5"
    "@esbuild/android-arm64" "0.21.5"
    "@esbuild/android-x64" "0.21.5"
    "@esbuild/darwin-arm64" "0.21.5"
    "@esbuild/darwin-x64" "0.21.5"
    "@esbuild/freebsd-arm64" "0.21.5"
    "@esbuild/freebsd-x64" "0.21.5"
    "@esbuild/linux-arm" "0.21.5"
    "@esbuild/linux-arm64" "0.21.5"
    "@esbuild/linux-ia32" "0.21.5"
    "@esbuild/linux-loong64" "0.21.5"
    "@esbuild/linux-mips64el" "0.21.5"
    "@esbuild/linux-ppc64" "0.21.5"
    "@esbuild/linux-riscv64" "0.21.5"
    "@esbuild/linux-s390x" "0.21.5"
    "@esbuild/linux-x64" "0.21.5"
    "@esbuild/netbsd-x64" "0.21.5"
    "@esbuild/openbsd-x64" "0.21.5"
    "@esbuild/sunos-x64" "0.21.5"
    "@esbuild/win32-arm64" "0.21.5"
    "@esbuild/win32-ia32" "0.21.5"
    "@esbuild/win32-x64" "0.21.5"

estree-walker@^2.0.2:
  version "2.0.2"
  resolved "https://registry.npmjs.org/estree-walker/-/estree-walker-2.0.2.tgz"
  integrity sha512-Rfkk/Mp/DL7JVje3u18FxFujQlTNR2q6QfMSMB7AvCBx91NGj/ba3kCfza0f6dVDbw7YlRf/nDrn7pQrCCyQ/w==

fake-xml-http-request@^2.1.2:
  version "2.1.2"
  resolved "https://registry.npmjs.org/fake-xml-http-request/-/fake-xml-http-request-2.1.2.tgz"
  integrity sha512-HaFMBi7r+oEC9iJNpc3bvcW7Z7iLmM26hPDmlb0mFwyANSsOQAtJxbdWsXITKOzZUyMYK0zYCv3h5yDj9TsiXg==

fsevents@~2.3.2, fsevents@~2.3.3:
  version "2.3.3"
  resolved "https://registry.yarnpkg.com/fsevents/-/fsevents-2.3.3.tgz#cac6407785d03675a2a5e1a5305c697b347d90d6"
  integrity sha512-5xoDfX+fL7faATnagmWPpbFtwh/R77WmMMqqHGS65C3vvB0YHrgF+B1YmZ3441tMj5n63k0212XNoJwzlhffQw==

inflected@^2.0.4:
  version "2.1.0"
  resolved "https://registry.npmjs.org/inflected/-/inflected-2.1.0.tgz"
  integrity sha512-hAEKNxvHf2Iq3H60oMBHkB4wl5jn3TPF3+fXek/sRwAB5gP9xWs4r7aweSF95f99HFoz69pnZTcu8f0SIHV18w==

lodash@^4.0.0:
  version "4.17.21"
  resolved "https://registry.npmjs.org/lodash/-/lodash-4.17.21.tgz"
  integrity sha512-v2kDEe57lecTulaDIuNTPy3Ry4gLGJ6Z1O3vE1krgXZNrsQ+LFTGHVxVjcXPs17LhbZVGedAJv8XZ1tvj5FvSg==

magic-string@^0.30.11:
  version "0.30.11"
  resolved "https://registry.npmjs.org/magic-string/-/magic-string-0.30.11.tgz"
  integrity sha512-+Wri9p0QHMy+545hKww7YAu5NyzF8iomPL/RQazugQ9+Ez4Ic3mERMd8ZTX5rfK944j+560ZJi8iAwgak1Ac7A==
  dependencies:
    "@jridgewell/sourcemap-codec" "^1.5.0"

miragejs@^0.1.48:
  version "0.1.48"
  resolved "https://registry.npmjs.org/miragejs/-/miragejs-0.1.48.tgz"
  integrity sha512-MGZAq0Q3OuRYgZKvlB69z4gLN4G3PvgC4A2zhkCXCXrLD5wm2cCnwNB59xOBVA+srZ0zEes6u+VylcPIkB4SqA==
  dependencies:
    "@miragejs/pretender-node-polyfill" "^0.1.0"
    inflected "^2.0.4"
    lodash "^4.0.0"
    pretender "^3.4.7"

nanoid@^3.3.7:
  version "3.3.7"
  resolved "https://registry.npmjs.org/nanoid/-/nanoid-3.3.7.tgz"
  integrity sha512-eSRppjcPIatRIMC1U6UngP8XFcz8MQWGQdt1MTBQ7NaAmvXDfvNxbvWV3x2y6CdEUciCSsDHDQZbhYaB8QEo2g==

onscan.js@^1.5.2:
  version "1.5.2"
  resolved "https://registry.npmjs.org/onscan.js/-/onscan.js-1.5.2.tgz"
  integrity sha512-9oGYy2gXYRjvXO9GYqqVca0VuCTAmWhbmX3egBSBP13rXiMNb+dKPJzKFEeECGqPBpf0m40Zoo+GUQ7eCackdw==

picocolors@^1.0.1:
  version "1.1.0"
  resolved "https://registry.npmjs.org/picocolors/-/picocolors-1.1.0.tgz"
  integrity sha512-TQ92mBOW0l3LeMeyLV6mzy/kWr8lkd/hp3mTg7wYK7zJhuBStmGMBG0BdeDZS/dZx1IukaX6Bk11zcln25o1Aw==

postcss@^8.4.43, postcss@^8.4.44:
  version "8.4.45"
  resolved "https://registry.npmjs.org/postcss/-/postcss-8.4.45.tgz"
  integrity sha512-7KTLTdzdZZYscUc65XmjFiB73vBhBfbPztCYdUNvlaso9PrzjzcmjqBPR0lNGkcVlcO4BjiO5rK/qNz+XAen1Q==
  dependencies:
    nanoid "^3.3.7"
    picocolors "^1.0.1"
    source-map-js "^1.2.0"

pretender@^3.4.7:
  version "3.4.7"
  resolved "https://registry.npmjs.org/pretender/-/pretender-3.4.7.tgz"
  integrity sha512-jkPAvt1BfRi0RKamweJdEcnjkeu7Es8yix3bJ+KgBC5VpG/Ln4JE3hYN6vJym4qprm8Xo5adhWpm3HCoft1dOw==
  dependencies:
    fake-xml-http-request "^2.1.2"
    route-recognizer "^0.3.3"

rollup@^4.20.0:
  version "4.21.2"
  resolved "https://registry.npmjs.org/rollup/-/rollup-4.21.2.tgz"
  integrity sha512-e3TapAgYf9xjdLvKQCkQTnbTKd4a6jwlpQSJJFokHGaX2IVjoEqkIIhiQfqsi0cdwlOD+tQGuOd5AJkc5RngBw==
  dependencies:
    "@types/estree" "1.0.5"
  optionalDependencies:
    "@rollup/rollup-android-arm-eabi" "4.21.2"
    "@rollup/rollup-android-arm64" "4.21.2"
    "@rollup/rollup-darwin-arm64" "4.21.2"
    "@rollup/rollup-darwin-x64" "4.21.2"
    "@rollup/rollup-linux-arm-gnueabihf" "4.21.2"
    "@rollup/rollup-linux-arm-musleabihf" "4.21.2"
    "@rollup/rollup-linux-arm64-gnu" "4.21.2"
    "@rollup/rollup-linux-arm64-musl" "4.21.2"
    "@rollup/rollup-linux-powerpc64le-gnu" "4.21.2"
    "@rollup/rollup-linux-riscv64-gnu" "4.21.2"
    "@rollup/rollup-linux-s390x-gnu" "4.21.2"
    "@rollup/rollup-linux-x64-gnu" "4.21.2"
    "@rollup/rollup-linux-x64-musl" "4.21.2"
    "@rollup/rollup-win32-arm64-msvc" "4.21.2"
    "@rollup/rollup-win32-ia32-msvc" "4.21.2"
    "@rollup/rollup-win32-x64-msvc" "4.21.2"
    fsevents "~2.3.2"

route-recognizer@^0.3.3:
  version "0.3.4"
  resolved "https://registry.npmjs.org/route-recognizer/-/route-recognizer-0.3.4.tgz"
  integrity sha512-2+MhsfPhvauN1O8KaXpXAOfR/fwe8dnUXVM+xw7yt40lJRfPVQxV6yryZm0cgRvAj5fMF/mdRZbL2ptwbs5i2g==

source-map-js@^1.2.0:
  version "1.2.1"
  resolved "https://registry.npmjs.org/source-map-js/-/source-map-js-1.2.1.tgz"
  integrity sha512-UXWMKhLOwVKb728IUtQPXxfYU+usdybtUrK/8uGE8CQMvrhOpwvzDBwj0QhSL7MQc7vIsISBG8VQ8+IDQxpfQA==

to-fast-properties@^2.0.0:
  version "2.0.0"
  resolved "https://registry.npmjs.org/to-fast-properties/-/to-fast-properties-2.0.0.tgz"
  integrity sha512-/OaKK0xYrs3DmxRYqL/yDc+FxFUVYhDlXMhRmv3z915w2HF1tnN1omB354j8VUGO/hbRzyD6Y3sA7v7GS/ceog==

typescript@^5.5.4:
  version "5.6.2"
  resolved "https://registry.npmjs.org/typescript/-/typescript-5.6.2.tgz"
  integrity sha512-NW8ByodCSNCwZeghjN3o+JX5OFH0Ojg6sadjEKY4huZ52TqbJTJnDo5+Tw98lSy63NZvi4n+ez5m2u5d4PkZyw==

undici-types@~6.19.2:
  version "6.19.8"
  resolved "https://registry.npmjs.org/undici-types/-/undici-types-6.19.8.tgz"
  integrity sha512-ve2KP6f/JnbPBFyobGHuerC9g1FYGn/F8n1LWTwNxCEzd6IfqTwUQcNXgEtmmQ6DlRrC1hrSrBnCZPokRrDHjw==

vite@^5.2.11:
  version "5.4.4"
  resolved "https://registry.npmjs.org/vite/-/vite-5.4.4.tgz"
  integrity sha512-RHFCkULitycHVTtelJ6jQLd+KSAAzOgEYorV32R2q++M6COBjKJR6BxqClwp5sf0XaBDjVMuJ9wnNfyAJwjMkA==
  dependencies:
    esbuild "^0.21.3"
    postcss "^8.4.43"
    rollup "^4.20.0"
  optionalDependencies:
    fsevents "~2.3.3"

vue-router@^4.3.2:
  version "4.4.4"
  resolved "https://registry.npmjs.org/vue-router/-/vue-router-4.4.4.tgz"
  integrity sha512-3MlnDqwRwZwCQVbtVfpsU+nrNymNjnXSsQtXName5925NVC1+326VVfYH9vSrA0N13teGEo8z5x7gbRnGjCDiQ==
  dependencies:
    "@vue/devtools-api" "^6.6.4"

vue@^3.4.31, vue@^3.4.37:
  version "3.5.4"
  resolved "https://registry.npmjs.org/vue/-/vue-3.5.4.tgz"
  integrity sha512-3yAj2gkmiY+i7+22A1PWM+kjOVXjU74UPINcTiN7grIVPyFFI0lpGwHlV/4xydDmobaBn7/xmi+YG8HeSlCTcg==
  dependencies:
    "@vue/compiler-dom" "3.5.4"
    "@vue/compiler-sfc" "3.5.4"
    "@vue/runtime-dom" "3.5.4"
    "@vue/server-renderer" "3.5.4"
    "@vue/shared" "3.5.4"
