# THIS IS AN AUTOGENERATED FILE. DO NOT EDIT THIS FILE DIRECTLY.
# yarn lockfile v1


"@babel/parser@^7.24.7":
  version "7.24.7"
  resolved "https://registry.yarnpkg.com/@babel/parser/-/parser-7.24.7.tgz#9a5226f92f0c5c8ead550b750f5608e766c8ce85"
  integrity sha512-9uUYRm6OqQrCqQdG1iCBwBPZgN8ciDBro2nIOFaiRz1/BCxaI7CNvQbDHvsArAC7Tw9Hda/B3U+6ui9u4HWXPw==

"@esbuild/aix-ppc64@0.21.5":
  version "0.21.5"
  resolved "https://registry.yarnpkg.com/@esbuild/aix-ppc64/-/aix-ppc64-0.21.5.tgz#c7184a326533fcdf1b8ee0733e21c713b975575f"
  integrity sha512-1SDgH6ZSPTlggy1yI6+Dbkiz8xzpHJEVAlF/AM1tHPLsf5STom9rwtjE4hKAF20FfXXNTFqEYXyJNWh1GiZedQ==

"@esbuild/android-arm64@0.21.5":
  version "0.21.5"
  resolved "https://registry.yarnpkg.com/@esbuild/android-arm64/-/android-arm64-0.21.5.tgz#09d9b4357780da9ea3a7dfb833a1f1ff439b4052"
  integrity sha512-c0uX9VAUBQ7dTDCjq+wdyGLowMdtR/GoC2U5IYk/7D1H1JYC0qseD7+11iMP2mRLN9RcCMRcjC4YMclCzGwS/A==

"@esbuild/android-arm@0.21.5":
  version "0.21.5"
  resolved "https://registry.yarnpkg.com/@esbuild/android-arm/-/android-arm-0.21.5.tgz#9b04384fb771926dfa6d7ad04324ecb2ab9b2e28"
  integrity sha512-vCPvzSjpPHEi1siZdlvAlsPxXl7WbOVUBBAowWug4rJHb68Ox8KualB+1ocNvT5fjv6wpkX6o/iEpbDrf68zcg==

"@esbuild/android-x64@0.21.5":
  version "0.21.5"
  resolved "https://registry.yarnpkg.com/@esbuild/android-x64/-/android-x64-0.21.5.tgz#29918ec2db754cedcb6c1b04de8cd6547af6461e"
  integrity sha512-D7aPRUUNHRBwHxzxRvp856rjUHRFW1SdQATKXH2hqA0kAZb1hKmi02OpYRacl0TxIGz/ZmXWlbZgjwWYaCakTA==

"@esbuild/darwin-arm64@0.21.5":
  version "0.21.5"
  resolved "https://registry.yarnpkg.com/@esbuild/darwin-arm64/-/darwin-arm64-0.21.5.tgz#e495b539660e51690f3928af50a76fb0a6ccff2a"
  integrity sha512-DwqXqZyuk5AiWWf3UfLiRDJ5EDd49zg6O9wclZ7kUMv2WRFr4HKjXp/5t8JZ11QbQfUS6/cRCKGwYhtNAY88kQ==

"@esbuild/darwin-x64@0.21.5":
  version "0.21.5"
  resolved "https://registry.yarnpkg.com/@esbuild/darwin-x64/-/darwin-x64-0.21.5.tgz#c13838fa57372839abdddc91d71542ceea2e1e22"
  integrity sha512-se/JjF8NlmKVG4kNIuyWMV/22ZaerB+qaSi5MdrXtd6R08kvs2qCN4C09miupktDitvh8jRFflwGFBQcxZRjbw==

"@esbuild/freebsd-arm64@0.21.5":
  version "0.21.5"
  resolved "https://registry.yarnpkg.com/@esbuild/freebsd-arm64/-/freebsd-arm64-0.21.5.tgz#646b989aa20bf89fd071dd5dbfad69a3542e550e"
  integrity sha512-5JcRxxRDUJLX8JXp/wcBCy3pENnCgBR9bN6JsY4OmhfUtIHe3ZW0mawA7+RDAcMLrMIZaf03NlQiX9DGyB8h4g==

"@esbuild/freebsd-x64@0.21.5":
  version "0.21.5"
  resolved "https://registry.yarnpkg.com/@esbuild/freebsd-x64/-/freebsd-x64-0.21.5.tgz#aa615cfc80af954d3458906e38ca22c18cf5c261"
  integrity sha512-J95kNBj1zkbMXtHVH29bBriQygMXqoVQOQYA+ISs0/2l3T9/kj42ow2mpqerRBxDJnmkUDCaQT/dfNXWX/ZZCQ==

"@esbuild/linux-arm64@0.21.5":
  version "0.21.5"
  resolved "https://registry.yarnpkg.com/@esbuild/linux-arm64/-/linux-arm64-0.21.5.tgz#70ac6fa14f5cb7e1f7f887bcffb680ad09922b5b"
  integrity sha512-ibKvmyYzKsBeX8d8I7MH/TMfWDXBF3db4qM6sy+7re0YXya+K1cem3on9XgdT2EQGMu4hQyZhan7TeQ8XkGp4Q==

"@esbuild/linux-arm@0.21.5":
  version "0.21.5"
  resolved "https://registry.yarnpkg.com/@esbuild/linux-arm/-/linux-arm-0.21.5.tgz#fc6fd11a8aca56c1f6f3894f2bea0479f8f626b9"
  integrity sha512-bPb5AHZtbeNGjCKVZ9UGqGwo8EUu4cLq68E95A53KlxAPRmUyYv2D6F0uUI65XisGOL1hBP5mTronbgo+0bFcA==

"@esbuild/linux-ia32@0.21.5":
  version "0.21.5"
  resolved "https://registry.yarnpkg.com/@esbuild/linux-ia32/-/linux-ia32-0.21.5.tgz#3271f53b3f93e3d093d518d1649d6d68d346ede2"
  integrity sha512-YvjXDqLRqPDl2dvRODYmmhz4rPeVKYvppfGYKSNGdyZkA01046pLWyRKKI3ax8fbJoK5QbxblURkwK/MWY18Tg==

"@esbuild/linux-loong64@0.21.5":
  version "0.21.5"
  resolved "https://registry.yarnpkg.com/@esbuild/linux-loong64/-/linux-loong64-0.21.5.tgz#ed62e04238c57026aea831c5a130b73c0f9f26df"
  integrity sha512-uHf1BmMG8qEvzdrzAqg2SIG/02+4/DHB6a9Kbya0XDvwDEKCoC8ZRWI5JJvNdUjtciBGFQ5PuBlpEOXQj+JQSg==

"@esbuild/linux-mips64el@0.21.5":
  version "0.21.5"
  resolved "https://registry.yarnpkg.com/@esbuild/linux-mips64el/-/linux-mips64el-0.21.5.tgz#e79b8eb48bf3b106fadec1ac8240fb97b4e64cbe"
  integrity sha512-IajOmO+KJK23bj52dFSNCMsz1QP1DqM6cwLUv3W1QwyxkyIWecfafnI555fvSGqEKwjMXVLokcV5ygHW5b3Jbg==

"@esbuild/linux-ppc64@0.21.5":
  version "0.21.5"
  resolved "https://registry.yarnpkg.com/@esbuild/linux-ppc64/-/linux-ppc64-0.21.5.tgz#5f2203860a143b9919d383ef7573521fb154c3e4"
  integrity sha512-1hHV/Z4OEfMwpLO8rp7CvlhBDnjsC3CttJXIhBi+5Aj5r+MBvy4egg7wCbe//hSsT+RvDAG7s81tAvpL2XAE4w==

"@esbuild/linux-riscv64@0.21.5":
  version "0.21.5"
  resolved "https://registry.yarnpkg.com/@esbuild/linux-riscv64/-/linux-riscv64-0.21.5.tgz#07bcafd99322d5af62f618cb9e6a9b7f4bb825dc"
  integrity sha512-2HdXDMd9GMgTGrPWnJzP2ALSokE/0O5HhTUvWIbD3YdjME8JwvSCnNGBnTThKGEB91OZhzrJ4qIIxk/SBmyDDA==

"@esbuild/linux-s390x@0.21.5":
  version "0.21.5"
  resolved "https://registry.yarnpkg.com/@esbuild/linux-s390x/-/linux-s390x-0.21.5.tgz#b7ccf686751d6a3e44b8627ababc8be3ef62d8de"
  integrity sha512-zus5sxzqBJD3eXxwvjN1yQkRepANgxE9lgOW2qLnmr8ikMTphkjgXu1HR01K4FJg8h1kEEDAqDcZQtbrRnB41A==

"@esbuild/linux-x64@0.21.5":
  version "0.21.5"
  resolved "https://registry.yarnpkg.com/@esbuild/linux-x64/-/linux-x64-0.21.5.tgz#6d8f0c768e070e64309af8004bb94e68ab2bb3b0"
  integrity sha512-1rYdTpyv03iycF1+BhzrzQJCdOuAOtaqHTWJZCWvijKD2N5Xu0TtVC8/+1faWqcP9iBCWOmjmhoH94dH82BxPQ==

"@esbuild/netbsd-x64@0.21.5":
  version "0.21.5"
  resolved "https://registry.yarnpkg.com/@esbuild/netbsd-x64/-/netbsd-x64-0.21.5.tgz#bbe430f60d378ecb88decb219c602667387a6047"
  integrity sha512-Woi2MXzXjMULccIwMnLciyZH4nCIMpWQAs049KEeMvOcNADVxo0UBIQPfSmxB3CWKedngg7sWZdLvLczpe0tLg==

"@esbuild/openbsd-x64@0.21.5":
  version "0.21.5"
  resolved "https://registry.yarnpkg.com/@esbuild/openbsd-x64/-/openbsd-x64-0.21.5.tgz#99d1cf2937279560d2104821f5ccce220cb2af70"
  integrity sha512-HLNNw99xsvx12lFBUwoT8EVCsSvRNDVxNpjZ7bPn947b8gJPzeHWyNVhFsaerc0n3TsbOINvRP2byTZ5LKezow==

"@esbuild/sunos-x64@0.21.5":
  version "0.21.5"
  resolved "https://registry.yarnpkg.com/@esbuild/sunos-x64/-/sunos-x64-0.21.5.tgz#08741512c10d529566baba837b4fe052c8f3487b"
  integrity sha512-6+gjmFpfy0BHU5Tpptkuh8+uw3mnrvgs+dSPQXQOv3ekbordwnzTVEb4qnIvQcYXq6gzkyTnoZ9dZG+D4garKg==

"@esbuild/win32-arm64@0.21.5":
  version "0.21.5"
  resolved "https://registry.yarnpkg.com/@esbuild/win32-arm64/-/win32-arm64-0.21.5.tgz#675b7385398411240735016144ab2e99a60fc75d"
  integrity sha512-Z0gOTd75VvXqyq7nsl93zwahcTROgqvuAcYDUr+vOv8uHhNSKROyU961kgtCD1e95IqPKSQKH7tBTslnS3tA8A==

"@esbuild/win32-ia32@0.21.5":
  version "0.21.5"
  resolved "https://registry.yarnpkg.com/@esbuild/win32-ia32/-/win32-ia32-0.21.5.tgz#1bfc3ce98aa6ca9a0969e4d2af72144c59c1193b"
  integrity sha512-SWXFF1CL2RVNMaVs+BBClwtfZSvDgtL//G/smwAc5oVK/UPu2Gu9tIaRgFmYFFKrmg3SyAjSrElf0TiJ1v8fYA==

"@esbuild/win32-x64@0.21.5":
  version "0.21.5"
  resolved "https://registry.yarnpkg.com/@esbuild/win32-x64/-/win32-x64-0.21.5.tgz#acad351d582d157bb145535db2a6ff53dd514b5c"
  integrity sha512-tQd/1efJuzPC6rCFwEvLtci/xNFcTZknmXs98FYDfGE4wP9ClFV98nyKrzJKVPMhdDnjzLhdUyMX4PsQAPjwIw==

"@jridgewell/sourcemap-codec@^1.4.15":
  version "1.5.0"
  resolved "https://registry.yarnpkg.com/@jridgewell/sourcemap-codec/-/sourcemap-codec-1.5.0.tgz#3188bcb273a414b0d215fd22a58540b989b9409a"
  integrity sha512-gv3ZRaISU3fjPAgNsriBRqGWQL6quFx04YMPW/zD8XMLsU32mhCCbfbO6KZFLjvYpCZ8zyDEgqsgf+PwPaM7GQ==

"@miragejs/pretender-node-polyfill@^0.1.0":
  version "0.1.2"
  resolved "https://registry.yarnpkg.com/@miragejs/pretender-node-polyfill/-/pretender-node-polyfill-0.1.2.tgz#d26b6b7483fb70cd62189d05c95d2f67153e43f2"
  integrity sha512-M/BexG/p05C5lFfMunxo/QcgIJnMT2vDVCd00wNqK2ImZONIlEETZwWJu1QtLxtmYlSHlCFl3JNzp0tLe7OJ5g==

"@rollup/rollup-android-arm-eabi@4.18.1":
  version "4.18.1"
  resolved "https://registry.yarnpkg.com/@rollup/rollup-android-arm-eabi/-/rollup-android-arm-eabi-4.18.1.tgz#f0da481244b7d9ea15296b35f7fe39cd81157396"
  integrity sha512-lncuC4aHicncmbORnx+dUaAgzee9cm/PbIqgWz1PpXuwc+sa1Ct83tnqUDy/GFKleLiN7ZIeytM6KJ4cAn1SxA==

"@rollup/rollup-android-arm64@4.18.1":
  version "4.18.1"
  resolved "https://registry.yarnpkg.com/@rollup/rollup-android-arm64/-/rollup-android-arm64-4.18.1.tgz#82ab3c575f4235fb647abea5e08eec6cf325964e"
  integrity sha512-F/tkdw0WSs4ojqz5Ovrw5r9odqzFjb5LIgHdHZG65dFI1lWTWRVy32KDJLKRISHgJvqUeUhdIvy43fX41znyDg==

"@rollup/rollup-darwin-arm64@4.18.1":
  version "4.18.1"
  resolved "https://registry.yarnpkg.com/@rollup/rollup-darwin-arm64/-/rollup-darwin-arm64-4.18.1.tgz#6a530452e68a9152809ce58de1f89597632a085b"
  integrity sha512-vk+ma8iC1ebje/ahpxpnrfVQJibTMyHdWpOGZ3JpQ7Mgn/3QNHmPq7YwjZbIE7km73dH5M1e6MRRsnEBW7v5CQ==

"@rollup/rollup-darwin-x64@4.18.1":
  version "4.18.1"
  resolved "https://registry.yarnpkg.com/@rollup/rollup-darwin-x64/-/rollup-darwin-x64-4.18.1.tgz#47727479f5ca292cf434d7e75af2725b724ecbc7"
  integrity sha512-IgpzXKauRe1Tafcej9STjSSuG0Ghu/xGYH+qG6JwsAUxXrnkvNHcq/NL6nz1+jzvWAnQkuAJ4uIwGB48K9OCGA==

"@rollup/rollup-linux-arm-gnueabihf@4.18.1":
  version "4.18.1"
  resolved "https://registry.yarnpkg.com/@rollup/rollup-linux-arm-gnueabihf/-/rollup-linux-arm-gnueabihf-4.18.1.tgz#46193c498aa7902a8db89ac00128060320e84fef"
  integrity sha512-P9bSiAUnSSM7EmyRK+e5wgpqai86QOSv8BwvkGjLwYuOpaeomiZWifEos517CwbG+aZl1T4clSE1YqqH2JRs+g==

"@rollup/rollup-linux-arm-musleabihf@4.18.1":
  version "4.18.1"
  resolved "https://registry.yarnpkg.com/@rollup/rollup-linux-arm-musleabihf/-/rollup-linux-arm-musleabihf-4.18.1.tgz#22d831fe239643c1d05c98906420325cee439d85"
  integrity sha512-5RnjpACoxtS+aWOI1dURKno11d7krfpGDEn19jI8BuWmSBbUC4ytIADfROM1FZrFhQPSoP+KEa3NlEScznBTyQ==

"@rollup/rollup-linux-arm64-gnu@4.18.1":
  version "4.18.1"
  resolved "https://registry.yarnpkg.com/@rollup/rollup-linux-arm64-gnu/-/rollup-linux-arm64-gnu-4.18.1.tgz#19abd33695ec9d588b4a858d122631433084e4a3"
  integrity sha512-8mwmGD668m8WaGbthrEYZ9CBmPug2QPGWxhJxh/vCgBjro5o96gL04WLlg5BA233OCWLqERy4YUzX3bJGXaJgQ==

"@rollup/rollup-linux-arm64-musl@4.18.1":
  version "4.18.1"
  resolved "https://registry.yarnpkg.com/@rollup/rollup-linux-arm64-musl/-/rollup-linux-arm64-musl-4.18.1.tgz#d60af8c0b9be424424ff96a0ba19fce65d26f6ab"
  integrity sha512-dJX9u4r4bqInMGOAQoGYdwDP8lQiisWb9et+T84l2WXk41yEej8v2iGKodmdKimT8cTAYt0jFb+UEBxnPkbXEQ==

"@rollup/rollup-linux-powerpc64le-gnu@4.18.1":
  version "4.18.1"
  resolved "https://registry.yarnpkg.com/@rollup/rollup-linux-powerpc64le-gnu/-/rollup-linux-powerpc64le-gnu-4.18.1.tgz#b1194e5ed6d138fdde0842d126fccde74a90f457"
  integrity sha512-V72cXdTl4EI0x6FNmho4D502sy7ed+LuVW6Ym8aI6DRQ9hQZdp5sj0a2usYOlqvFBNKQnLQGwmYnujo2HvjCxQ==

"@rollup/rollup-linux-riscv64-gnu@4.18.1":
  version "4.18.1"
  resolved "https://registry.yarnpkg.com/@rollup/rollup-linux-riscv64-gnu/-/rollup-linux-riscv64-gnu-4.18.1.tgz#f5a635c017b9bff8b856b0221fbd5c0e3373b7ec"
  integrity sha512-f+pJih7sxoKmbjghrM2RkWo2WHUW8UbfxIQiWo5yeCaCM0TveMEuAzKJte4QskBp1TIinpnRcxkquY+4WuY/tg==

"@rollup/rollup-linux-s390x-gnu@4.18.1":
  version "4.18.1"
  resolved "https://registry.yarnpkg.com/@rollup/rollup-linux-s390x-gnu/-/rollup-linux-s390x-gnu-4.18.1.tgz#f1043d9f4026bf6995863cb3f8dd4732606e4baa"
  integrity sha512-qb1hMMT3Fr/Qz1OKovCuUM11MUNLUuHeBC2DPPAWUYYUAOFWaxInaTwTQmc7Fl5La7DShTEpmYwgdt2hG+4TEg==

"@rollup/rollup-linux-x64-gnu@4.18.1":
  version "4.18.1"
  resolved "https://registry.yarnpkg.com/@rollup/rollup-linux-x64-gnu/-/rollup-linux-x64-gnu-4.18.1.tgz#1e781730be445119f06c9df5f185e193bc82c610"
  integrity sha512-7O5u/p6oKUFYjRbZkL2FLbwsyoJAjyeXHCU3O4ndvzg2OFO2GinFPSJFGbiwFDaCFc+k7gs9CF243PwdPQFh5g==

"@rollup/rollup-linux-x64-musl@4.18.1":
  version "4.18.1"
  resolved "https://registry.yarnpkg.com/@rollup/rollup-linux-x64-musl/-/rollup-linux-x64-musl-4.18.1.tgz#08f12e1965d6f27d6898ff932592121cca6abc4b"
  integrity sha512-pDLkYITdYrH/9Cv/Vlj8HppDuLMDUBmgsM0+N+xLtFd18aXgM9Nyqupb/Uw+HeidhfYg2lD6CXvz6CjoVOaKjQ==

"@rollup/rollup-win32-arm64-msvc@4.18.1":
  version "4.18.1"
  resolved "https://registry.yarnpkg.com/@rollup/rollup-win32-arm64-msvc/-/rollup-win32-arm64-msvc-4.18.1.tgz#4a5dcbbe7af7d41cac92b09798e7c1831da1f599"
  integrity sha512-W2ZNI323O/8pJdBGil1oCauuCzmVd9lDmWBBqxYZcOqWD6aWqJtVBQ1dFrF4dYpZPks6F+xCZHfzG5hYlSHZ6g==

"@rollup/rollup-win32-ia32-msvc@4.18.1":
  version "4.18.1"
  resolved "https://registry.yarnpkg.com/@rollup/rollup-win32-ia32-msvc/-/rollup-win32-ia32-msvc-4.18.1.tgz#075b0713de627843a73b4cf0e087c56b53e9d780"
  integrity sha512-ELfEX1/+eGZYMaCIbK4jqLxO1gyTSOIlZr6pbC4SRYFaSIDVKOnZNMdoZ+ON0mrFDp4+H5MhwNC1H/AhE3zQLg==

"@rollup/rollup-win32-x64-msvc@4.18.1":
  version "4.18.1"
  resolved "https://registry.yarnpkg.com/@rollup/rollup-win32-x64-msvc/-/rollup-win32-x64-msvc-4.18.1.tgz#0cb240c147c0dfd0e3eaff4cc060a772d39e155c"
  integrity sha512-yjk2MAkQmoaPYCSu35RLJ62+dz358nE83VfTePJRp8CG7aMg25mEJYpXFiD+NcevhX8LxD5OP5tktPXnXN7GDw==

"@stonecrop/beam@^0.2.29":
  version "0.2.29"
  resolved "https://registry.yarnpkg.com/@stonecrop/beam/-/beam-0.2.29.tgz#ae3c5967de25d9d96b66d8244a9d6fa29022aa5b"
  integrity sha512-G4NilyGZTC+LHVQY8kI9wR3qPfH5mJl9ESLrQBrVsAtN0v0LftRUFt2Yg7uNfP2EdGDXSixzEMD88UtZ8XSMfw==
  dependencies:
    vue "^3.4.31"

"@types/estree@1.0.5":
  version "1.0.5"
  resolved "https://registry.yarnpkg.com/@types/estree/-/estree-1.0.5.tgz#a6ce3e556e00fd9895dd872dd172ad0d4bd687f4"
  integrity sha512-/kYRxGDLWzHOB7q+wtSUQlFrtcdUccpfy+X+9iMBpHK8QLLhx2wIPYuS5DYtR9Wa/YlZAbIovy7qVdB1Aq6Lyw==

"@types/node@^20.12.12":
  version "20.14.10"
  resolved "https://registry.yarnpkg.com/@types/node/-/node-20.14.10.tgz#a1a218290f1b6428682e3af044785e5874db469a"
  integrity sha512-MdiXf+nDuMvY0gJKxyfZ7/6UFsETO7mGKF54MVD/ekJS6HdFtpZFBgrh6Pseu64XTb2MLyFPlbW6hj8HYRQNOQ==
  dependencies:
    undici-types "~5.26.4"

"@vitejs/plugin-vue@^5.0.4":
  version "5.0.5"
  resolved "https://registry.yarnpkg.com/@vitejs/plugin-vue/-/plugin-vue-5.0.5.tgz#e3dc11e427d4b818b7e3202766ad156e3d5e2eaa"
  integrity sha512-LOjm7XeIimLBZyzinBQ6OSm3UBCNVCpLkxGC0oWmm2YPzVZoxMsdvNVimLTBzpAnR9hl/yn1SHGuRfe6/Td9rQ==

"@vue/compiler-core@3.4.31":
  version "3.4.31"
  resolved "https://registry.yarnpkg.com/@vue/compiler-core/-/compiler-core-3.4.31.tgz#b51a76f1b30e9b5eba0553264dff0f171aedb7c6"
  integrity sha512-skOiodXWTV3DxfDhB4rOf3OGalpITLlgCeOwb+Y9GJpfQ8ErigdBUHomBzvG78JoVE8MJoQsb+qhZiHfKeNeEg==
  dependencies:
    "@babel/parser" "^7.24.7"
    "@vue/shared" "3.4.31"
    entities "^4.5.0"
    estree-walker "^2.0.2"
    source-map-js "^1.2.0"

"@vue/compiler-core@3.4.37":
  version "3.4.37"
  resolved "https://registry.yarnpkg.com/@vue/compiler-core/-/compiler-core-3.4.37.tgz#55db3900e09424c65c39111a05a3c6e698f371e3"
  integrity sha512-ZDDT/KiLKuCRXyzWecNzC5vTcubGz4LECAtfGPENpo0nrmqJHwuWtRLxk/Sb9RAKtR9iFflFycbkjkY+W/PZUQ==
  dependencies:
    "@babel/parser" "^7.24.7"
    "@vue/shared" "3.4.37"
    entities "^5.0.0"
    estree-walker "^2.0.2"
    source-map-js "^1.2.0"

"@vue/compiler-dom@3.4.31":
  version "3.4.31"
  resolved "https://registry.yarnpkg.com/@vue/compiler-dom/-/compiler-dom-3.4.31.tgz#30961ca847f5d6ad18ffa26236c219f61b195f6b"
  integrity sha512-wK424WMXsG1IGMyDGyLqB+TbmEBFM78hIsOJ9QwUVLGrcSk0ak6zYty7Pj8ftm7nEtdU/DGQxAXp0/lM/2cEpQ==
  dependencies:
    "@vue/compiler-core" "3.4.31"
    "@vue/shared" "3.4.31"

"@vue/compiler-dom@3.4.37":
  version "3.4.37"
  resolved "https://registry.yarnpkg.com/@vue/compiler-dom/-/compiler-dom-3.4.37.tgz#a1fcf79e287cb828545082ff1afa8630480a3044"
  integrity sha512-rIiSmL3YrntvgYV84rekAtU/xfogMUJIclUMeIKEtVBFngOL3IeZHhsH3UaFEgB5iFGpj6IW+8YuM/2Up+vVag==
  dependencies:
    "@vue/compiler-core" "3.4.37"
    "@vue/shared" "3.4.37"

"@vue/compiler-sfc@3.4.31":
  version "3.4.31"
  resolved "https://registry.yarnpkg.com/@vue/compiler-sfc/-/compiler-sfc-3.4.31.tgz#cc6bfccda17df8268cc5440842277f61623c591f"
  integrity sha512-einJxqEw8IIJxzmnxmJBuK2usI+lJonl53foq+9etB2HAzlPjAS/wa7r0uUpXw5ByX3/0uswVSrjNb17vJm1kQ==
  dependencies:
    "@babel/parser" "^7.24.7"
    "@vue/compiler-core" "3.4.31"
    "@vue/compiler-dom" "3.4.31"
    "@vue/compiler-ssr" "3.4.31"
    "@vue/shared" "3.4.31"
    estree-walker "^2.0.2"
    magic-string "^0.30.10"
    postcss "^8.4.38"
    source-map-js "^1.2.0"

"@vue/compiler-sfc@3.4.37":
  version "3.4.37"
  resolved "https://registry.yarnpkg.com/@vue/compiler-sfc/-/compiler-sfc-3.4.37.tgz#8afaf1a86cb849422c765d4369ba1e85fffe0234"
  integrity sha512-vCfetdas40Wk9aK/WWf8XcVESffsbNkBQwS5t13Y/PcfqKfIwJX2gF+82th6dOpnpbptNMlMjAny80li7TaCIg==
  dependencies:
    "@babel/parser" "^7.24.7"
    "@vue/compiler-core" "3.4.37"
    "@vue/compiler-dom" "3.4.37"
    "@vue/compiler-ssr" "3.4.37"
    "@vue/shared" "3.4.37"
    estree-walker "^2.0.2"
    magic-string "^0.30.10"
    postcss "^8.4.40"
    source-map-js "^1.2.0"

"@vue/compiler-ssr@3.4.31":
  version "3.4.31"
  resolved "https://registry.yarnpkg.com/@vue/compiler-ssr/-/compiler-ssr-3.4.31.tgz#f62ffecdf15bacb883d0099780cf9a1e3654bfc4"
  integrity sha512-RtefmITAje3fJ8FSg1gwgDhdKhZVntIVbwupdyZDSifZTRMiWxWehAOTCc8/KZDnBOcYQ4/9VWxsTbd3wT0hAA==
  dependencies:
    "@vue/compiler-dom" "3.4.31"
    "@vue/shared" "3.4.31"

"@vue/compiler-ssr@3.4.37":
  version "3.4.37"
  resolved "https://registry.yarnpkg.com/@vue/compiler-ssr/-/compiler-ssr-3.4.37.tgz#b75e1c76c3184f86fa9f0ba4d61d13bc6afcbf8a"
  integrity sha512-TyAgYBWrHlFrt4qpdACh8e9Ms6C/AZQ6A6xLJaWrCL8GCX5DxMzxyeFAEMfU/VFr4tylHm+a2NpfJpcd7+20XA==
  dependencies:
    "@vue/compiler-dom" "3.4.37"
    "@vue/shared" "3.4.37"

"@vue/devtools-api@^6.5.1":
  version "6.6.3"
  resolved "https://registry.yarnpkg.com/@vue/devtools-api/-/devtools-api-6.6.3.tgz#b23a588154cba8986bba82b6e1d0248bde3fd1a0"
  integrity sha512-0MiMsFma/HqA6g3KLKn+AGpL1kgKhFWszC9U29NfpWK5LE7bjeXxySWJrOJ77hBz+TBrBQ7o4QJqbPbqbs8rJw==

"@vue/devtools-api@^6.6.3":
  version "6.6.4"
  resolved "https://registry.yarnpkg.com/@vue/devtools-api/-/devtools-api-6.6.4.tgz#cbe97fe0162b365edc1dba80e173f90492535343"
  integrity sha512-sGhTPMuXqZ1rVOk32RylztWkfXTRhuS7vgAKv0zjqk8gbsHkJ7xfFf+jbySxt7tWObEJwyKaHMikV/WGDiQm8g==

"@vue/reactivity@3.4.31":
  version "3.4.31"
  resolved "https://registry.yarnpkg.com/@vue/reactivity/-/reactivity-3.4.31.tgz#eda80e90c4f9d7659efe1f5ed99c2dfdc9e93d77"
  integrity sha512-VGkTani8SOoVkZNds1PfJ/T1SlAIOf8E58PGAhIOUDYPC4GAmFA2u/E14TDAFcf3vVDKunc4QqCe/SHr8xC65Q==
  dependencies:
    "@vue/shared" "3.4.31"

"@vue/reactivity@3.4.37":
  version "3.4.37"
  resolved "https://registry.yarnpkg.com/@vue/reactivity/-/reactivity-3.4.37.tgz#5a199563eaab51ed9f94ddf0a82f9179bcc01676"
  integrity sha512-UmdKXGx0BZ5kkxPqQr3PK3tElz6adTey4307NzZ3whZu19i5VavYal7u2FfOmAzlcDVgE8+X0HZ2LxLb/jgbYw==
  dependencies:
    "@vue/shared" "3.4.37"

"@vue/runtime-core@3.4.31":
  version "3.4.31"
  resolved "https://registry.yarnpkg.com/@vue/runtime-core/-/runtime-core-3.4.31.tgz#ad3a41ad76385c0429e3e4dbefb81918494e10cf"
  integrity sha512-LDkztxeUPazxG/p8c5JDDKPfkCDBkkiNLVNf7XZIUnJ+66GVGkP+TIh34+8LtPisZ+HMWl2zqhIw0xN5MwU1cw==
  dependencies:
    "@vue/reactivity" "3.4.31"
    "@vue/shared" "3.4.31"

"@vue/runtime-core@3.4.37":
  version "3.4.37"
  resolved "https://registry.yarnpkg.com/@vue/runtime-core/-/runtime-core-3.4.37.tgz#3fe734a666db7842bea4185a13f7697a2102b719"
  integrity sha512-MNjrVoLV/sirHZoD7QAilU1Ifs7m/KJv4/84QVbE6nyAZGQNVOa1HGxaOzp9YqCG+GpLt1hNDC4RbH+KtanV7w==
  dependencies:
    "@vue/reactivity" "3.4.37"
    "@vue/shared" "3.4.37"

"@vue/runtime-dom@3.4.31":
  version "3.4.31"
  resolved "https://registry.yarnpkg.com/@vue/runtime-dom/-/runtime-dom-3.4.31.tgz#bae7ad844f944af33699c73581bc36125bab96ce"
  integrity sha512-2Auws3mB7+lHhTFCg8E9ZWopA6Q6L455EcU7bzcQ4x6Dn4cCPuqj6S2oBZgN2a8vJRS/LSYYxwFFq2Hlx3Fsaw==
  dependencies:
    "@vue/reactivity" "3.4.31"
    "@vue/runtime-core" "3.4.31"
    "@vue/shared" "3.4.31"
    csstype "^3.1.3"

"@vue/runtime-dom@3.4.37":
  version "3.4.37"
  resolved "https://registry.yarnpkg.com/@vue/runtime-dom/-/runtime-dom-3.4.37.tgz#219f84577027103de6ddc71351d8237c7c16adac"
  integrity sha512-Mg2EwgGZqtwKrqdL/FKMF2NEaOHuH+Ks9TQn3DHKyX//hQTYOun+7Tqp1eo0P4Ds+SjltZshOSRq6VsU0baaNg==
  dependencies:
    "@vue/reactivity" "3.4.37"
    "@vue/runtime-core" "3.4.37"
    "@vue/shared" "3.4.37"
    csstype "^3.1.3"

"@vue/server-renderer@3.4.31":
  version "3.4.31"
  resolved "https://registry.yarnpkg.com/@vue/server-renderer/-/server-renderer-3.4.31.tgz#bbe990f793c36d62d05bdbbaf142511d53e159fd"
  integrity sha512-D5BLbdvrlR9PE3by9GaUp1gQXlCNadIZytMIb8H2h3FMWJd4oUfkUTEH2wAr3qxoRz25uxbTcbqd3WKlm9EHQA==
  dependencies:
    "@vue/compiler-ssr" "3.4.31"
    "@vue/shared" "3.4.31"

"@vue/server-renderer@3.4.37":
  version "3.4.37"
  resolved "https://registry.yarnpkg.com/@vue/server-renderer/-/server-renderer-3.4.37.tgz#d341425bb5395a3f6ed70572ea5c3edefab92f28"
  integrity sha512-jZ5FAHDR2KBq2FsRUJW6GKDOAG9lUTX8aBEGq4Vf6B/35I9fPce66BornuwmqmKgfiSlecwuOb6oeoamYMohkg==
  dependencies:
    "@vue/compiler-ssr" "3.4.37"
    "@vue/shared" "3.4.37"

"@vue/shared@3.4.31":
  version "3.4.31"
  resolved "https://registry.yarnpkg.com/@vue/shared/-/shared-3.4.31.tgz#af9981f57def2c3f080c14bf219314fc0dc808a0"
  integrity sha512-Yp3wtJk//8cO4NItOPpi3QkLExAr/aLBGZMmTtW9WpdwBCJpRM6zj9WgWktXAl8IDIozwNMByT45JP3tO3ACWA==

"@vue/shared@3.4.37":
  version "3.4.37"
  resolved "https://registry.yarnpkg.com/@vue/shared/-/shared-3.4.37.tgz#4f4c08a2e73da512a77b47165cf59ffbc1b5ade8"
  integrity sha512-nIh8P2fc3DflG8+5Uw8PT/1i17ccFn0xxN/5oE9RfV5SVnd7G0XEFRwakrnNFE/jlS95fpGXDVG5zDETS26nmg==

csstype@^3.1.3:
  version "3.1.3"
  resolved "https://registry.yarnpkg.com/csstype/-/csstype-3.1.3.tgz#d80ff294d114fb0e6ac500fbf85b60137d7eff81"
  integrity sha512-M1uQkMl8rQK/szD0LNhtqxIPLpimGm8sOBwU7lLnCpSbTyY3yeU1Vc7l4KT5zT4s/yOxHH5O7tIuuLOCnLADRw==

entities@^4.5.0:
  version "4.5.0"
  resolved "https://registry.yarnpkg.com/entities/-/entities-4.5.0.tgz#5d268ea5e7113ec74c4d033b79ea5a35a488fb48"
  integrity sha512-V0hjH4dGPh9Ao5p0MoRY6BVqtwCjhz6vI5LT8AJ55H+4g9/4vbHx1I54fS0XuclLhDHArPQCiMjDxjaL8fPxhw==

entities@^5.0.0:
  version "5.0.0"
  resolved "https://registry.yarnpkg.com/entities/-/entities-5.0.0.tgz#b2ab51fe40d995817979ec79dd621154c3c0f62b"
  integrity sha512-BeJFvFRJddxobhvEdm5GqHzRV/X+ACeuw0/BuuxsCh1EUZcAIz8+kYmBp/LrQuloy6K1f3a0M7+IhmZ7QnkISA==

esbuild@^0.21.3:
  version "0.21.5"
  resolved "https://registry.yarnpkg.com/esbuild/-/esbuild-0.21.5.tgz#9ca301b120922959b766360d8ac830da0d02997d"
  integrity sha512-mg3OPMV4hXywwpoDxu3Qda5xCKQi+vCTZq8S9J/EpkhB2HzKXq4SNFZE3+NK93JYxc8VMSep+lOUSC/RVKaBqw==
  optionalDependencies:
    "@esbuild/aix-ppc64" "0.21.5"
    "@esbuild/android-arm" "0.21.5"
    "@esbuild/android-arm64" "0.21.5"
    "@esbuild/android-x64" "0.21.5"
    "@esbuild/darwin-arm64" "0.21.5"
    "@esbuild/darwin-x64" "0.21.5"
    "@esbuild/freebsd-arm64" "0.21.5"
    "@esbuild/freebsd-x64" "0.21.5"
    "@esbuild/linux-arm" "0.21.5"
    "@esbuild/linux-arm64" "0.21.5"
    "@esbuild/linux-ia32" "0.21.5"
    "@esbuild/linux-loong64" "0.21.5"
    "@esbuild/linux-mips64el" "0.21.5"
    "@esbuild/linux-ppc64" "0.21.5"
    "@esbuild/linux-riscv64" "0.21.5"
    "@esbuild/linux-s390x" "0.21.5"
    "@esbuild/linux-x64" "0.21.5"
    "@esbuild/netbsd-x64" "0.21.5"
    "@esbuild/openbsd-x64" "0.21.5"
    "@esbuild/sunos-x64" "0.21.5"
    "@esbuild/win32-arm64" "0.21.5"
    "@esbuild/win32-ia32" "0.21.5"
    "@esbuild/win32-x64" "0.21.5"

estree-walker@^2.0.2:
  version "2.0.2"
  resolved "https://registry.yarnpkg.com/estree-walker/-/estree-walker-2.0.2.tgz#52f010178c2a4c117a7757cfe942adb7d2da4cac"
  integrity sha512-Rfkk/Mp/DL7JVje3u18FxFujQlTNR2q6QfMSMB7AvCBx91NGj/ba3kCfza0f6dVDbw7YlRf/nDrn7pQrCCyQ/w==

fake-xml-http-request@^2.1.2:
  version "2.1.2"
  resolved "https://registry.yarnpkg.com/fake-xml-http-request/-/fake-xml-http-request-2.1.2.tgz#f1786720cae50bbb46273035a0173414f3e85e74"
  integrity sha512-HaFMBi7r+oEC9iJNpc3bvcW7Z7iLmM26hPDmlb0mFwyANSsOQAtJxbdWsXITKOzZUyMYK0zYCv3h5yDj9TsiXg==

fsevents@~2.3.2, fsevents@~2.3.3:
  version "2.3.3"
  resolved "https://registry.yarnpkg.com/fsevents/-/fsevents-2.3.3.tgz#cac6407785d03675a2a5e1a5305c697b347d90d6"
  integrity sha512-5xoDfX+fL7faATnagmWPpbFtwh/R77WmMMqqHGS65C3vvB0YHrgF+B1YmZ3441tMj5n63k0212XNoJwzlhffQw==

inflected@^2.0.4:
  version "2.1.0"
  resolved "https://registry.yarnpkg.com/inflected/-/inflected-2.1.0.tgz#2816ac17a570bbbc8303ca05bca8bf9b3f959687"
  integrity sha512-hAEKNxvHf2Iq3H60oMBHkB4wl5jn3TPF3+fXek/sRwAB5gP9xWs4r7aweSF95f99HFoz69pnZTcu8f0SIHV18w==

lodash@^4.0.0:
  version "4.17.21"
  resolved "https://registry.yarnpkg.com/lodash/-/lodash-4.17.21.tgz#679591c564c3bffaae8454cf0b3df370c3d6911c"
  integrity sha512-v2kDEe57lecTulaDIuNTPy3Ry4gLGJ6Z1O3vE1krgXZNrsQ+LFTGHVxVjcXPs17LhbZVGedAJv8XZ1tvj5FvSg==

magic-string@^0.30.10:
  version "0.30.10"
  resolved "https://registry.yarnpkg.com/magic-string/-/magic-string-0.30.10.tgz#123d9c41a0cb5640c892b041d4cfb3bd0aa4b39e"
  integrity sha512-iIRwTIf0QKV3UAnYK4PU8uiEc4SRh5jX0mwpIwETPpHdhVM4f53RSwS/vXvN1JhGX+Cs7B8qIq3d6AH49O5fAQ==
  dependencies:
    "@jridgewell/sourcemap-codec" "^1.4.15"

miragejs@^0.1.48:
  version "0.1.48"
  resolved "https://registry.yarnpkg.com/miragejs/-/miragejs-0.1.48.tgz#f30babc00186ac556f0058e5b050fa1137807c5c"
  integrity sha512-MGZAq0Q3OuRYgZKvlB69z4gLN4G3PvgC4A2zhkCXCXrLD5wm2cCnwNB59xOBVA+srZ0zEes6u+VylcPIkB4SqA==
  dependencies:
    "@miragejs/pretender-node-polyfill" "^0.1.0"
    inflected "^2.0.4"
    lodash "^4.0.0"
    pretender "^3.4.7"

nanoid@^3.3.7:
  version "3.3.7"
  resolved "https://registry.yarnpkg.com/nanoid/-/nanoid-3.3.7.tgz#d0c301a691bc8d54efa0a2226ccf3fe2fd656bd8"
  integrity sha512-eSRppjcPIatRIMC1U6UngP8XFcz8MQWGQdt1MTBQ7NaAmvXDfvNxbvWV3x2y6CdEUciCSsDHDQZbhYaB8QEo2g==

onscan.js@^1.5.2:
  version "1.5.2"
  resolved "https://registry.yarnpkg.com/onscan.js/-/onscan.js-1.5.2.tgz#14ed636e5f4c3f0a78bacbf9a505dad3140ee341"
  integrity sha512-9oGYy2gXYRjvXO9GYqqVca0VuCTAmWhbmX3egBSBP13rXiMNb+dKPJzKFEeECGqPBpf0m40Zoo+GUQ7eCackdw==

picocolors@^1.0.1:
  version "1.0.1"
  resolved "https://registry.yarnpkg.com/picocolors/-/picocolors-1.0.1.tgz#a8ad579b571952f0e5d25892de5445bcfe25aaa1"
  integrity sha512-anP1Z8qwhkbmu7MFP5iTt+wQKXgwzf7zTyGlcdzabySa9vd0Xt392U0rVmz9poOaBj0uHJKyyo9/upk0HrEQew==

pinia@^2.2.2:
  version "2.2.2"
  resolved "https://registry.yarnpkg.com/pinia/-/pinia-2.2.2.tgz#dcf576c9a778187d1542c5e6a9f8b8cd5b6aea14"
  integrity sha512-ja2XqFWZC36mupU4z1ZzxeTApV7DOw44cV4dhQ9sGwun+N89v/XP7+j7q6TanS1u1tdbK4r+1BUx7heMaIdagA==
  dependencies:
    "@vue/devtools-api" "^6.6.3"
    vue-demi "^0.14.10"

postcss@^8.4.38, postcss@^8.4.39:
  version "8.4.39"
  resolved "https://registry.yarnpkg.com/postcss/-/postcss-8.4.39.tgz#aa3c94998b61d3a9c259efa51db4b392e1bde0e3"
  integrity sha512-0vzE+lAiG7hZl1/9I8yzKLx3aR9Xbof3fBHKunvMfOCYAtMhrsnccJY2iTURb9EZd5+pLuiNV9/c/GZJOHsgIw==
  dependencies:
    nanoid "^3.3.7"
    picocolors "^1.0.1"
    source-map-js "^1.2.0"

postcss@^8.4.40:
  version "8.4.41"
  resolved "https://registry.yarnpkg.com/postcss/-/postcss-8.4.41.tgz#d6104d3ba272d882fe18fc07d15dc2da62fa2681"
  integrity sha512-TesUflQ0WKZqAvg52PWL6kHgLKP6xB6heTOdoYM0Wt2UHyxNa4K25EZZMgKns3BH1RLVbZCREPpLY0rhnNoHVQ==
  dependencies:
    nanoid "^3.3.7"
    picocolors "^1.0.1"
    source-map-js "^1.2.0"

pretender@^3.4.7:
  version "3.4.7"
  resolved "https://registry.yarnpkg.com/pretender/-/pretender-3.4.7.tgz#34a2ae2d1fc9db440a990d50e6c0f5481d8755fc"
  integrity sha512-jkPAvt1BfRi0RKamweJdEcnjkeu7Es8yix3bJ+KgBC5VpG/Ln4JE3hYN6vJym4qprm8Xo5adhWpm3HCoft1dOw==
  dependencies:
    fake-xml-http-request "^2.1.2"
    route-recognizer "^0.3.3"

rollup@^4.13.0:
  version "4.18.1"
  resolved "https://registry.yarnpkg.com/rollup/-/rollup-4.18.1.tgz#18a606df5e76ca53b8a69f2d8eab256d69dda851"
  integrity sha512-Elx2UT8lzxxOXMpy5HWQGZqkrQOtrVDDa/bm9l10+U4rQnVzbL/LgZ4NOM1MPIDyHk69W4InuYDF5dzRh4Kw1A==
  dependencies:
    "@types/estree" "1.0.5"
  optionalDependencies:
    "@rollup/rollup-android-arm-eabi" "4.18.1"
    "@rollup/rollup-android-arm64" "4.18.1"
    "@rollup/rollup-darwin-arm64" "4.18.1"
    "@rollup/rollup-darwin-x64" "4.18.1"
    "@rollup/rollup-linux-arm-gnueabihf" "4.18.1"
    "@rollup/rollup-linux-arm-musleabihf" "4.18.1"
    "@rollup/rollup-linux-arm64-gnu" "4.18.1"
    "@rollup/rollup-linux-arm64-musl" "4.18.1"
    "@rollup/rollup-linux-powerpc64le-gnu" "4.18.1"
    "@rollup/rollup-linux-riscv64-gnu" "4.18.1"
    "@rollup/rollup-linux-s390x-gnu" "4.18.1"
    "@rollup/rollup-linux-x64-gnu" "4.18.1"
    "@rollup/rollup-linux-x64-musl" "4.18.1"
    "@rollup/rollup-win32-arm64-msvc" "4.18.1"
    "@rollup/rollup-win32-ia32-msvc" "4.18.1"
    "@rollup/rollup-win32-x64-msvc" "4.18.1"
    fsevents "~2.3.2"

route-recognizer@^0.3.3:
  version "0.3.4"
  resolved "https://registry.yarnpkg.com/route-recognizer/-/route-recognizer-0.3.4.tgz#39ab1ffbce1c59e6d2bdca416f0932611e4f3ca3"
  integrity sha512-2+MhsfPhvauN1O8KaXpXAOfR/fwe8dnUXVM+xw7yt40lJRfPVQxV6yryZm0cgRvAj5fMF/mdRZbL2ptwbs5i2g==

source-map-js@^1.2.0:
  version "1.2.0"
  resolved "https://registry.yarnpkg.com/source-map-js/-/source-map-js-1.2.0.tgz#16b809c162517b5b8c3e7dcd315a2a5c2612b2af"
  integrity sha512-itJW8lvSA0TXEphiRoawsCksnlf8SyvmFzIhltqAHluXd88pkCd+cXJVHTDwdCr0IzwptSm035IHQktUu1QUMg==

typescript@^5.5.4:
  version "5.5.4"
  resolved "https://registry.yarnpkg.com/typescript/-/typescript-5.5.4.tgz#d9852d6c82bad2d2eda4fd74a5762a8f5909e9ba"
  integrity sha512-Mtq29sKDAEYP7aljRgtPOpTvOfbwRWlS6dPRzwjdE+C0R4brX/GUyhHSecbHMFLNBLcJIPt9nl9yG5TZ1weH+Q==

undici-types@~5.26.4:
  version "5.26.5"
  resolved "https://registry.yarnpkg.com/undici-types/-/undici-types-5.26.5.tgz#bcd539893d00b56e964fd2657a4866b221a65617"
  integrity sha512-JlCMO+ehdEIKqlFxk6IfVoAUVmgz7cU7zD/h9XZ0qzeosSHmUJVOzSQvvYSYWXkFXC+IfLKSIffhv0sVZup6pA==

vite@^5.2.11:
  version "5.3.3"
  resolved "https://registry.yarnpkg.com/vite/-/vite-5.3.3.tgz#5265b1f0a825b3b6564c2d07524777c83e3c04c2"
  integrity sha512-NPQdeCU0Dv2z5fu+ULotpuq5yfCS1BzKUIPhNbP3YBfAMGJXbt2nS+sbTFu+qchaqWTD+H3JK++nRwr6XIcp6A==
  dependencies:
    esbuild "^0.21.3"
    postcss "^8.4.39"
    rollup "^4.13.0"
  optionalDependencies:
    fsevents "~2.3.3"

vue-demi@^0.14.10:
  version "0.14.10"
  resolved "https://registry.yarnpkg.com/vue-demi/-/vue-demi-0.14.10.tgz#afc78de3d6f9e11bf78c55e8510ee12814522f04"
  integrity sha512-nMZBOwuzabUO0nLgIcc6rycZEebF6eeUfaiQx9+WSk8e29IbLvPU9feI6tqW4kTo3hvoYAJkMh8n8D0fuISphg==

vue-router@^4.3.2:
  version "4.4.0"
  resolved "https://registry.yarnpkg.com/vue-router/-/vue-router-4.4.0.tgz#128e3fc0c84421035a9bd26027245e6bd68f69ab"
  integrity sha512-HB+t2p611aIZraV2aPSRNXf0Z/oLZFrlygJm+sZbdJaW6lcFqEDQwnzUBXn+DApw+/QzDU/I9TeWx9izEjTmsA==
  dependencies:
    "@vue/devtools-api" "^6.5.1"

vue@^3.4.31:
  version "3.4.31"
  resolved "https://registry.yarnpkg.com/vue/-/vue-3.4.31.tgz#83a3c4dab8302b0e974b0d4b92a2f6a6378ae797"
  integrity sha512-njqRrOy7W3YLAlVqSKpBebtZpDVg21FPoaq1I7f/+qqBThK9ChAIjkRWgeP6Eat+8C+iia4P3OYqpATP21BCoQ==
  dependencies:
    "@vue/compiler-dom" "3.4.31"
    "@vue/compiler-sfc" "3.4.31"
    "@vue/runtime-dom" "3.4.31"
    "@vue/server-renderer" "3.4.31"
    "@vue/shared" "3.4.31"

vue@^3.4.37:
  version "3.4.37"
  resolved "https://registry.yarnpkg.com/vue/-/vue-3.4.37.tgz#64ce0eeb8de16a29fb74e504777ee8c0c1cf229e"
  integrity sha512-3vXvNfkKTBsSJ7JP+LyR7GBuwQuckbWvuwAid3xbqK9ppsKt/DUvfqgZ48fgOLEfpy1IacL5f8QhUVl77RaI7A==
  dependencies:
    "@vue/compiler-dom" "3.4.37"
    "@vue/compiler-sfc" "3.4.37"
    "@vue/runtime-dom" "3.4.37"
    "@vue/server-renderer" "3.4.37"
    "@vue/shared" "3.4.37"
